// !$*UTF8*$!
{
	archiveVersion = 1;
	classes = {
	};
	objectVersion = 50;
	objects = {

/* Begin PBXBuildFile section */
		B201940C25CFD3D800BFB070 /* AppDelegate.swift in Sources */ = {isa = PBXBuildFile; fileRef = B201940B25CFD3D800BFB070 /* AppDelegate.swift */; };
		B201940E25CFD3D800BFB070 /* SceneDelegate.swift in Sources */ = {isa = PBXBuildFile; fileRef = B201940D25CFD3D800BFB070 /* SceneDelegate.swift */; };
		B201941025CFD3D800BFB070 /* ViewController.swift in Sources */ = {isa = PBXBuildFile; fileRef = B201940F25CFD3D800BFB070 /* ViewController.swift */; };
		B201941325CFD3D800BFB070 /* Main.storyboard in Resources */ = {isa = PBXBuildFile; fileRef = B201941125CFD3D800BFB070 /* Main.storyboard */; };
		B201941525CFD3DA00BFB070 /* Assets.xcassets in Resources */ = {isa = PBXBuildFile; fileRef = B201941425CFD3DA00BFB070 /* Assets.xcassets */; };
		B201941825CFD3DA00BFB070 /* LaunchScreen.storyboard in Resources */ = {isa = PBXBuildFile; fileRef = B201941625CFD3DA00BFB070 /* LaunchScreen.storyboard */; };
		B201942725CFD3F000BFB070 /* 6.png in Resources */ = {isa = PBXBuildFile; fileRef = B201942125CFD3F000BFB070 /* 6.png */; };
		B201942825CFD3F000BFB070 /* 1.png in Resources */ = {isa = PBXBuildFile; fileRef = B201942225CFD3F000BFB070 /* 1.png */; };
		B201942925CFD3F000BFB070 /* 2.png in Resources */ = {isa = PBXBuildFile; fileRef = B201942325CFD3F000BFB070 /* 2.png */; };
		B201942A25CFD3F000BFB070 /* 3.png in Resources */ = {isa = PBXBuildFile; fileRef = B201942425CFD3F000BFB070 /* 3.png */; };
		B201942B25CFD3F000BFB070 /* 5.png in Resources */ = {isa = PBXBuildFile; fileRef = B201942525CFD3F000BFB070 /* 5.png */; };
		B201942C25CFD3F000BFB070 /* 4.png in Resources */ = {isa = PBXBuildFile; fileRef = B201942625CFD3F000BFB070 /* 4.png */; };
/* End PBXBuildFile section */

/* Begin PBXFileReference section */
		B201940825CFD3D800BFB070 /* ImageViewer.app */ = {isa = PBXFileReference; explicitFileType = wrapper.application; includeInIndex = 0; path = ImageViewer.app; sourceTree = BUILT_PRODUCTS_DIR; };
		B201940B25CFD3D800BFB070 /* AppDelegate.swift */ = {isa = PBXFileReference; lastKnownFileType = sourcecode.swift; path = AppDelegate.swift; sourceTree = "<group>"; };
		B201940D25CFD3D800BFB070 /* SceneDelegate.swift */ = {isa = PBXFileReference; lastKnownFileType = sourcecode.swift; path = SceneDelegate.swift; sourceTree = "<group>"; };
		B201940F25CFD3D800BFB070 /* ViewController.swift */ = {isa = PBXFileReference; lastKnownFileType = sourcecode.swift; path = ViewController.swift; sourceTree = "<group>"; };
		B201941225CFD3D800BFB070 /* Base */ = {isa = PBXFileReference; lastKnownFileType = file.storyboard; name = Base; path = Base.lproj/Main.storyboard; sourceTree = "<group>"; };
		B201941425CFD3DA00BFB070 /* Assets.xcassets */ = {isa = PBXFileReference; lastKnownFileType = folder.assetcatalog; path = Assets.xcassets; sourceTree = "<group>"; };
		B201941725CFD3DA00BFB070 /* Base */ = {isa = PBXFileReference; lastKnownFileType = file.storyboard; name = Base; path = Base.lproj/LaunchScreen.storyboard; sourceTree = "<group>"; };
		B201941925CFD3DA00BFB070 /* Info.plist */ = {isa = PBXFileReference; lastKnownFileType = text.plist.xml; path = Info.plist; sourceTree = "<group>"; };
		B201942125CFD3F000BFB070 /* 6.png */ = {isa = PBXFileReference; lastKnownFileType = image.png; path = 6.png; sourceTree = "<group>"; };
		B201942225CFD3F000BFB070 /* 1.png */ = {isa = PBXFileReference; lastKnownFileType = image.png; path = 1.png; sourceTree = "<group>"; };
		B201942325CFD3F000BFB070 /* 2.png */ = {isa = PBXFileReference; lastKnownFileType = image.png; path = 2.png; sourceTree = "<group>"; };
		B201942425CFD3F000BFB070 /* 3.png */ = {isa = PBXFileReference; lastKnownFileType = image.png; path = 3.png; sourceTree = "<group>"; };
		B201942525CFD3F000BFB070 /* 5.png */ = {isa = PBXFileReference; lastKnownFileType = image.png; path = 5.png; sourceTree = "<group>"; };
		B201942625CFD3F000BFB070 /* 4.png */ = {isa = PBXFileReference; lastKnownFileType = image.png; path = 4.png; sourceTree = "<group>"; };
/* End PBXFileReference section */

/* Begin PBXFrameworksBuildPhase section */
		B201940525CFD3D800BFB070 /* Frameworks */ = {
			isa = PBXFrameworksBuildPhase;
			buildActionMask = 2147483647;
			files = (
			);
			runOnlyForDeploymentPostprocessing = 0;
		};
/* End PBXFrameworksBuildPhase section */

/* Begin PBXGroup section */
		B20193FF25CFD3D800BFB070 = {
			isa = PBXGroup;
			children = (
				B201940A25CFD3D800BFB070 /* ImageViewer */,
				B201940925CFD3D800BFB070 /* Products */,
			);
			sourceTree = "<group>";
		};
		B201940925CFD3D800BFB070 /* Products */ = {
			isa = PBXGroup;
			children = (
				B201940825CFD3D800BFB070 /* ImageViewer.app */,
			);
			name = Products;
			sourceTree = "<group>";
		};
		B201940A25CFD3D800BFB070 /* ImageViewer */ = {
			isa = PBXGroup;
			children = (
				B201942225CFD3F000BFB070 /* 1.png */,
				B201942325CFD3F000BFB070 /* 2.png */,
				B201942425CFD3F000BFB070 /* 3.png */,
				B201942625CFD3F000BFB070 /* 4.png */,
				B201942525CFD3F000BFB070 /* 5.png */,
				B201942125CFD3F000BFB070 /* 6.png */,
				B201940B25CFD3D800BFB070 /* AppDelegate.swift */,
				B201940D25CFD3D800BFB070 /* SceneDelegate.swift */,
				B201940F25CFD3D800BFB070 /* ViewController.swift */,
				B201941125CFD3D800BFB070 /* Main.storyboard */,
				B201941425CFD3DA00BFB070 /* Assets.xcassets */,
				B201941625CFD3DA00BFB070 /* LaunchScreen.storyboard */,
				B201941925CFD3DA00BFB070 /* Info.plist */,
			);
			path = ImageViewer;
			sourceTree = "<group>";
		};
/* End PBXGroup section */

/* Begin PBXNativeTarget section */
		B201940725CFD3D800BFB070 /* ImageViewer */ = {
			isa = PBXNativeTarget;
			buildConfigurationList = B201941C25CFD3DA00BFB070 /* Build configuration list for PBXNativeTarget "ImageViewer" */;
			buildPhases = (
				B201940425CFD3D800BFB070 /* Sources */,
				B201940525CFD3D800BFB070 /* Frameworks */,
				B201940625CFD3D800BFB070 /* Resources */,
			);
			buildRules = (
			);
			dependencies = (
			);
			name = ImageViewer;
			productName = ImageViewer;
			productReference = B201940825CFD3D800BFB070 /* ImageViewer.app */;
			productType = "com.apple.product-type.application";
		};
/* End PBXNativeTarget section */

/* Begin PBXProject section */
		B201940025CFD3D800BFB070 /* Project object */ = {
			isa = PBXProject;
			attributes = {
				LastSwiftUpdateCheck = 1240;
				LastUpgradeCheck = 1240;
				TargetAttributes = {
					B201940725CFD3D800BFB070 = {
						CreatedOnToolsVersion = 12.4;
					};
				};
			};
			buildConfigurationList = B201940325CFD3D800BFB070 /* Build configuration list for PBXProject "ImageViewer" */;
			compatibilityVersion = "Xcode 9.3";
			developmentRegion = en;
			hasScannedForEncodings = 0;
			knownRegions = (
				en,
				Base,
			);
			mainGroup = B20193FF25CFD3D800BFB070;
			productRefGroup = B201940925CFD3D800BFB070 /* Products */;
			projectDirPath = "";
			projectRoot = "";
			targets = (
				B201940725CFD3D800BFB070 /* ImageViewer */,
			);
		};
/* End PBXProject section */

/* Begin PBXResourcesBuildPhase section */
		B201940625CFD3D800BFB070 /* Resources */ = {
			isa = PBXResourcesBuildPhase;
			buildActionMask = 2147483647;
			files = (
				B201942C25CFD3F000BFB070 /* 4.png in Resources */,
				B201942925CFD3F000BFB070 /* 2.png in Resources */,
				B201941825CFD3DA00BFB070 /* LaunchScreen.storyboard in Resources */,
				B201941525CFD3DA00BFB070 /* Assets.xcassets in Resources */,
				B201942725CFD3F000BFB070 /* 6.png in Resources */,
				B201941325CFD3D800BFB070 /* Main.storyboard in Resources */,
				B201942B25CFD3F000BFB070 /* 5.png in Resources */,
				B201942A25CFD3F000BFB070 /* 3.png in Resources */,
				B201942825CFD3F000BFB070 /* 1.png in Resources */,
			);
			runOnlyForDeploymentPostprocessing = 0;
		};
/* End PBXResourcesBuildPhase section */

/* Begin PBXSourcesBuildPhase section */
		B201940425CFD3D800BFB070 /* Sources */ = {
			isa = PBXSourcesBuildPhase;
			buildActionMask = 2147483647;
			files = (
				B201941025CFD3D800BFB070 /* ViewController.swift in Sources */,
				B201940C25CFD3D800BFB070 /* AppDelegate.swift in Sources */,
				B201940E25CFD3D800BFB070 /* SceneDelegate.swift in Sources */,
			);
			runOnlyForDeploymentPostprocessing = 0;
		};
/* End PBXSourcesBuildPhase section */

/* Begin PBXVariantGroup section */
		B201941125CFD3D800BFB070 /* Main.storyboard */ = {
			isa = PBXVariantGroup;
			children = (
				B201941225CFD3D800BFB070 /* Base */,
			);
			name = Main.storyboard;
			sourceTree = "<group>";
		};
		B201941625CFD3DA00BFB070 /* LaunchScreen.storyboard */ = {
			isa = PBXVariantGroup;
			children = (
				B201941725CFD3DA00BFB070 /* Base */,
			);
			name = LaunchScreen.storyboard;
			sourceTree = "<group>";
		};
/* End PBXVariantGroup section */

/* Begin XCBuildConfiguration section */
		B201941A25CFD3DA00BFB070 /* Debug */ = {
			isa = XCBuildConfiguration;
			buildSettings = {
				ALWAYS_SEARCH_USER_PATHS = NO;
				CLANG_ANALYZER_NONNULL = YES;
				CLANG_ANALYZER_NUMBER_OBJECT_CONVERSION = YES_AGGRESSIVE;
				CLANG_CXX_LANGUAGE_STANDARD = "gnu++14";
				CLANG_CXX_LIBRARY = "libc++";
				CLANG_ENABLE_MODULES = YES;
				CLANG_ENABLE_OBJC_ARC = YES;
				CLANG_ENABLE_OBJC_WEAK = YES;
				CLANG_WARN_BLOCK_CAPTURE_AUTORELEASING = YES;
				CLANG_WARN_BOOL_CONVERSION = YES;
				CLANG_WARN_COMMA = YES;
				CLANG_WARN_CONSTANT_CONVERSION = YES;
				CLANG_WARN_DEPRECATED_OBJC_IMPLEMENTATIONS = YES;
				CLANG_WARN_DIRECT_OBJC_ISA_USAGE = YES_ERROR;
				CLANG_WARN_DOCUMENTATION_COMMENTS = YES;
				CLANG_WARN_EMPTY_BODY = YES;
				CLANG_WARN_ENUM_CONVERSION = YES;
				CLANG_WARN_INFINITE_RECURSION = YES;
				CLANG_WARN_INT_CONVERSION = YES;
				CLANG_WARN_NON_LITERAL_NULL_CONVERSION = YES;
				CLANG_WARN_OBJC_IMPLICIT_RETAIN_SELF = YES;
				CLANG_WARN_OBJC_LITERAL_CONVERSION = YES;
				CLANG_WARN_OBJC_ROOT_CLASS = YES_ERROR;
				CLANG_WARN_QUOTED_INCLUDE_IN_FRAMEWORK_HEADER = YES;
				CLANG_WARN_RANGE_LOOP_ANALYSIS = YES;
				CLANG_WARN_STRICT_PROTOTYPES = YES;
				CLANG_WARN_SUSPICIOUS_MOVE = YES;
				CLANG_WARN_UNGUARDED_AVAILABILITY = YES_AGGRESSIVE;
				CLANG_WARN_UNREACHABLE_CODE = YES;
				CLANG_WARN__DUPLICATE_METHOD_MATCH = YES;
				COPY_PHASE_STRIP = NO;
				DEBUG_INFORMATION_FORMAT = dwarf;
				ENABLE_STRICT_OBJC_MSGSEND = YES;
				ENABLE_TESTABILITY = YES;
				GCC_C_LANGUAGE_STANDARD = gnu11;
				GCC_DYNAMIC_NO_PIC = NO;
				GCC_NO_COMMON_BLOCKS = YES;
				GCC_OPTIMIZATION_LEVEL = 0;
				GCC_PREPROCESSOR_DEFINITIONS = (
					"DEBUG=1",
					"$(inherited)",
				);
				GCC_WARN_64_TO_32_BIT_CONVERSION = YES;
				GCC_WARN_ABOUT_RETURN_TYPE = YES_ERROR;
				GCC_WARN_UNDECLARED_SELECTOR = YES;
				GCC_WARN_UNINITIALIZED_AUTOS = YES_AGGRESSIVE;
				GCC_WARN_UNUSED_FUNCTION = YES;
				GCC_WARN_UNUSED_VARIABLE = YES;
				IPHONEOS_DEPLOYMENT_TARGET = 14.4;
				MTL_ENABLE_DEBUG_INFO = INCLUDE_SOURCE;
				MTL_FAST_MATH = YES;
				ONLY_ACTIVE_ARCH = YES;
				SDKROOT = iphoneos;
				SWIFT_ACTIVE_COMPILATION_CONDITIONS = DEBUG;
				SWIFT_OPTIMIZATION_LEVEL = "-Onone";
			};
			name = Debug;
		};
		B201941B25CFD3DA00BFB070 /* Release */ = {
			isa = XCBuildConfiguration;
			buildSettings = {
				ALWAYS_SEARCH_USER_PATHS = NO;
				CLANG_ANALYZER_NONNULL = YES;
				CLANG_ANALYZER_NUMBER_OBJECT_CONVERSION = YES_AGGRESSIVE;
				CLANG_CXX_LANGUAGE_STANDARD = "gnu++14";
				CLANG_CXX_LIBRARY = "libc++";
				CLANG_ENABLE_MODULES = YES;
				CLANG_ENABLE_OBJC_ARC = YES;
				CLANG_ENABLE_OBJC_WEAK = YES;
				CLANG_WARN_BLOCK_CAPTURE_AUTORELEASING = YES;
				CLANG_WARN_BOOL_CONVERSION = YES;
				CLANG_WARN_COMMA = YES;
				CLANG_WARN_CONSTANT_CONVERSION = YES;
				CLANG_WARN_DEPRECATED_OBJC_IMPLEMENTATIONS = YES;
				CLANG_WARN_DIRECT_OBJC_ISA_USAGE = YES_ERROR;
				CLANG_WARN_DOCUMENTATION_COMMENTS = YES;
				CLANG_WARN_EMPTY_BODY = YES;
				CLANG_WARN_ENUM_CONVERSION = YES;
				CLANG_WARN_INFINITE_RECURSION = YES;
				CLANG_WARN_INT_CONVERSION = YES;
				CLANG_WARN_NON_LITERAL_NULL_CONVERSION = YES;
				CLANG_WARN_OBJC_IMPLICIT_RETAIN_SELF = YES;
				CLANG_WARN_OBJC_LITERAL_CONVERSION = YES;
				CLANG_WARN_OBJC_ROOT_CLASS = YES_ERROR;
				CLANG_WARN_QUOTED_INCLUDE_IN_FRAMEWORK_HEADER = YES;
				CLANG_WARN_RANGE_LOOP_ANALYSIS = YES;
				CLANG_WARN_STRICT_PROTOTYPES = YES;
				CLANG_WARN_SUSPICIOUS_MOVE = YES;
				CLANG_WARN_UNGUARDED_AVAILABILITY = YES_AGGRESSIVE;
				CLANG_WARN_UNREACHABLE_CODE = YES;
				CLANG_WARN__DUPLICATE_METHOD_MATCH = YES;
				COPY_PHASE_STRIP = NO;
				DEBUG_INFORMATION_FORMAT = "dwarf-with-dsym";
				ENABLE_NS_ASSERTIONS = NO;
				ENABLE_STRICT_OBJC_MSGSEND = YES;
				GCC_C_LANGUAGE_STANDARD = gnu11;
				GCC_NO_COMMON_BLOCKS = YES;
				GCC_WARN_64_TO_32_BIT_CONVERSION = YES;
				GCC_WARN_ABOUT_RETURN_TYPE = YES_ERROR;
				GCC_WARN_UNDECLARED_SELECTOR = YES;
				GCC_WARN_UNINITIALIZED_AUTOS = YES_AGGRESSIVE;
				GCC_WARN_UNUSED_FUNCTION = YES;
				GCC_WARN_UNUSED_VARIABLE = YES;
				IPHONEOS_DEPLOYMENT_TARGET = 14.4;
				MTL_ENABLE_DEBUG_INFO = NO;
				MTL_FAST_MATH = YES;
				SDKROOT = iphoneos;
				SWIFT_COMPILATION_MODE = wholemodule;
				SWIFT_OPTIMIZATION_LEVEL = "-O";
				VALIDATE_PRODUCT = YES;
			};
			name = Release;
		};
		B201941D25CFD3DA00BFB070 /* Debug */ = {
			isa = XCBuildConfiguration;
			buildSettings = {
				ASSETCATALOG_COMPILER_APPICON_NAME = AppIcon;
				ASSETCATALOG_COMPILER_GLOBAL_ACCENT_COLOR_NAME = AccentColor;
				CODE_SIGN_STYLE = Automatic;
				INFOPLIST_FILE = ImageViewer/Info.plist;
				LD_RUNPATH_SEARCH_PATHS = (
					"$(inherited)",
					"@executable_path/Frameworks",
				);
				PRODUCT_BUNDLE_IDENTIFIER = com.ImageViewer;
				PRODUCT_NAME = "$(TARGET_NAME)";
				SWIFT_VERSION = 5.0;
				TARGETED_DEVICE_FAMILY = 1;
			};
			name = Debug;
		};
		B201941E25CFD3DA00BFB070 /* Release */ = {
			isa = XCBuildConfiguration;
			buildSettings = {
				ASSETCATALOG_COMPILER_APPICON_NAME = AppIcon;
				ASSETCATALOG_COMPILER_GLOBAL_ACCENT_COLOR_NAME = AccentColor;
				CODE_SIGN_STYLE = Automatic;
				INFOPLIST_FILE = ImageViewer/Info.plist;
				LD_RUNPATH_SEARCH_PATHS = (
					"$(inherited)",
					"@executable_path/Frameworks",
				);
				PRODUCT_BUNDLE_IDENTIFIER = com.ImageViewer;
				PRODUCT_NAME = "$(TARGET_NAME)";
				SWIFT_VERSION = 5.0;
				TARGETED_DEVICE_FAMILY = 1;
			};
			name = Release;
		};
/* End XCBuildConfiguration section */

/* Begin XCConfigurationList section */
		B201940325CFD3D800BFB070 /* Build configuration list for PBXProject "ImageViewer" */ = {
			isa = XCConfigurationList;
			buildConfigurations = (
				B201941A25CFD3DA00BFB070 /* Debug */,
				B201941B25CFD3DA00BFB070 /* Release */,
			);
			defaultConfigurationIsVisible = 0;
			defaultConfigurationName = Release;
		};
		B201941C25CFD3DA00BFB070 /* Build configuration list for PBXNativeTarget "ImageViewer" */ = {
			isa = XCConfigurationList;
			buildConfigurations = (
				B201941D25CFD3DA00BFB070 /* Debug */,
				B201941E25CFD3DA00BFB070 /* Release */,
			);
			defaultConfigurationIsVisible = 0;
			defaultConfigurationName = Release;
		};
/* End XCConfigurationList section */
	};
	rootObject = B201940025CFD3D800BFB070 /* Project object */;
}
